
Microsoft Visual Studio Solution File, Format Version 12.00
# Visual Studio 14
VisualStudioVersion = 14.0.24720.0
MinimumVisualStudioVersion = 10.0.40219.1
Project("{FAE04EC0-301F-11D3-BF4B-00C04F79EFBC}") = "PerformanceCounters", "PerformanceCounters\PerformanceCounters.csproj", "{8CF07246-5CDA-4DC5-A5F8-F69FC83978F2}"
EndProject
Project("{FAE04EC0-301F-11D3-BF4B-00C04F79EFBC}") = "TestProject", "TestProject\TestProject.csproj", "{1FC47064-0967-4DBE-870F-06E2F84F5DA4}"
EndProject
Project("{FAE04EC0-301F-11D3-BF4B-00C04F79EFBC}") = "Webfarm", "Webfarm\Webfarm.csproj", "{1F0E99B8-E5E0-46CE-B809-96AB4CC92613}"
EndProject
Global
	GlobalSection(SolutionConfigurationPlatforms) = preSolution
		Debug|Any CPU = Debug|Any CPU
		Release|Any CPU = Release|Any CPU
	EndGlobalSection
	GlobalSection(ProjectConfigurationPlatforms) = postSolution
		{8CF07246-5CDA-4DC5-A5F8-F69FC83978F2}.Debug|Any CPU.ActiveCfg = Debug|Any CPU
		{8CF07246-5CDA-4DC5-A5F8-F69FC83978F2}.Debug|Any CPU.Build.0 = Debug|Any CPU
		{8CF07246-5CDA-4DC5-A5F8-F69FC83978F2}.Release|Any CPU.ActiveCfg = Release|Any CPU
		{8CF07246-5CDA-4DC5-A5F8-F69FC83978F2}.Release|Any CPU.Build.0 = Release|Any CPU
		{1FC47064-0967-4DBE-870F-06E2F84F5DA4}.Debug|Any CPU.ActiveCfg = Debug|Any CPU
		{1FC47064-0967-4DBE-870F-06E2F84F5DA4}.Debug|Any CPU.Build.0 = Debug|Any CPU
		{1FC47064-0967-4DBE-870F-06E2F84F5DA4}.Release|Any CPU.ActiveCfg = Release|Any CPU
		{1FC47064-0967-4DBE-870F-06E2F84F5DA4}.Release|Any CPU.Build.0 = Release|Any CPU
		{1F0E99B8-E5E0-46CE-B809-96AB4CC92613}.Debug|Any CPU.ActiveCfg = Debug|Any CPU
		{1F0E99B8-E5E0-46CE-B809-96AB4CC92613}.Debug|Any CPU.Build.0 = Debug|Any CPU
		{1F0E99B8-E5E0-46CE-B809-96AB4CC92613}.Release|Any CPU.ActiveCfg = Release|Any CPU
		{1F0E99B8-E5E0-46CE-B809-96AB4CC92613}.Release|Any CPU.Build.0 = Release|Any CPU
	EndGlobalSection
	GlobalSection(SolutionProperties) = preSolution
		HideSolutionNode = FALSE
	EndGlobalSection
EndGlobal
